// !$*UTF8*$!
{
	archiveVersion = 1;
	classes = {
	};
	objectVersion = 52;
	objects = {

/* Begin PBXBuildFile section */
		2600B71726D7195000593502 /* AppDelegate.swift in Sources */ = {isa = PBXBuildFile; fileRef = 2600B71626D7195000593502 /* AppDelegate.swift */; };
		2600B71926D7195100593502 /* SceneDelegate.swift in Sources */ = {isa = PBXBuildFile; fileRef = 2600B71826D7195100593502 /* SceneDelegate.swift */; };
		2600B72026D7196300593502 /* Assets.xcassets in Resources */ = {isa = PBXBuildFile; fileRef = 2600B71F26D7196300593502 /* Assets.xcassets */; };
		2600B72326D7196300593502 /* LaunchScreen.storyboard in Resources */ = {isa = PBXBuildFile; fileRef = 2600B72126D7196300593502 /* LaunchScreen.storyboard */; };
		2600B72E26D7196400593502 /* NumeradeTests.swift in Sources */ = {isa = PBXBuildFile; fileRef = 2600B72D26D7196400593502 /* NumeradeTests.swift */; };
		2600B73926D7196400593502 /* NumeradeUITests.swift in Sources */ = {isa = PBXBuildFile; fileRef = 2600B73826D7196400593502 /* NumeradeUITests.swift */; };
		2600B75426D71B3500593502 /* KNUIImageExtension.swift in Sources */ = {isa = PBXBuildFile; fileRef = 2600B74A26D71B3500593502 /* KNUIImageExtension.swift */; };
		2600B75526D71B3500593502 /* KNGeneral.swift in Sources */ = {isa = PBXBuildFile; fileRef = 2600B74B26D71B3500593502 /* KNGeneral.swift */; };
		2600B75626D71B3500593502 /* KNUIButtonExtension.swift in Sources */ = {isa = PBXBuildFile; fileRef = 2600B74C26D71B3500593502 /* KNUIButtonExtension.swift */; };
		2600B75726D71B3500593502 /* KNCollectionExtension.swift in Sources */ = {isa = PBXBuildFile; fileRef = 2600B74D26D71B3500593502 /* KNCollectionExtension.swift */; };
		2600B75826D71B3500593502 /* KNView+KNController.swift in Sources */ = {isa = PBXBuildFile; fileRef = 2600B74E26D71B3500593502 /* KNView+KNController.swift */; };
		2600B75926D71B3500593502 /* Fonts+Colors.swift in Sources */ = {isa = PBXBuildFile; fileRef = 2600B74F26D71B3500593502 /* Fonts+Colors.swift */; };
		2600B75A26D71B3500593502 /* KNControlConstruction.swift in Sources */ = {isa = PBXBuildFile; fileRef = 2600B75026D71B3500593502 /* KNControlConstruction.swift */; };
		2600B75B26D71B3500593502 /* KNConstraints.swift in Sources */ = {isa = PBXBuildFile; fileRef = 2600B75126D71B3500593502 /* KNConstraints.swift */; };
		2600B75C26D71B3500593502 /* KNDateExtension.swift in Sources */ = {isa = PBXBuildFile; fileRef = 2600B75226D71B3500593502 /* KNDateExtension.swift */; };
		2600B75D26D71B3500593502 /* KNTableExtension.swift in Sources */ = {isa = PBXBuildFile; fileRef = 2600B75326D71B3500593502 /* KNTableExtension.swift */; };
		2600B76026D71B6000593502 /* MainTabController.swift in Sources */ = {isa = PBXBuildFile; fileRef = 2600B75F26D71B6000593502 /* MainTabController.swift */; };
		2600B76226D71D2700593502 /* BooksController.swift in Sources */ = {isa = PBXBuildFile; fileRef = 2600B76126D71D2700593502 /* BooksController.swift */; };
		2600B76626D721A100593502 /* Kingfisher in Frameworks */ = {isa = PBXBuildFile; productRef = 2600B76526D721A100593502 /* Kingfisher */; };
		2600B76926D7286700593502 /* SwipeMenuViewController in Frameworks */ = {isa = PBXBuildFile; productRef = 2600B76826D7286700593502 /* SwipeMenuViewController */; };
		2600B76D26D739F300593502 /* KNUITextFieldExtension.swift in Sources */ = {isa = PBXBuildFile; fileRef = 2600B76C26D739F300593502 /* KNUITextFieldExtension.swift */; };
		2600B77526D771FD00593502 /* TopTabBarView.swift in Sources */ = {isa = PBXBuildFile; fileRef = 2600B77426D771FD00593502 /* TopTabBarView.swift */; };
		2600B77A26D772A900593502 /* ViewFactory.swift in Sources */ = {isa = PBXBuildFile; fileRef = 2600B77926D772A900593502 /* ViewFactory.swift */; };
		2600B77E26D7798400593502 /* ProblemCell.swift in Sources */ = {isa = PBXBuildFile; fileRef = 2600B77D26D7798400593502 /* ProblemCell.swift */; };
		2618113E26D881760083D8CD /* ProblemDetailController.swift in Sources */ = {isa = PBXBuildFile; fileRef = 2618113526D881760083D8CD /* ProblemDetailController.swift */; };
		2618113F26D881760083D8CD /* ProblemDetailUI.swift in Sources */ = {isa = PBXBuildFile; fileRef = 2618113626D881760083D8CD /* ProblemDetailUI.swift */; };
		2618114026D881760083D8CD /* ProblemExtraView.swift in Sources */ = {isa = PBXBuildFile; fileRef = 2618113726D881760083D8CD /* ProblemExtraView.swift */; };
		2618114126D881760083D8CD /* ProblemBottomView.swift in Sources */ = {isa = PBXBuildFile; fileRef = 2618113926D881760083D8CD /* ProblemBottomView.swift */; };
		2618114226D881760083D8CD /* MoreAnswersView.swift in Sources */ = {isa = PBXBuildFile; fileRef = 2618113A26D881760083D8CD /* MoreAnswersView.swift */; };
		2618114326D881760083D8CD /* VideoView.swift in Sources */ = {isa = PBXBuildFile; fileRef = 2618113B26D881760083D8CD /* VideoView.swift */; };
		2618114426D881760083D8CD /* TranscriptView.swift in Sources */ = {isa = PBXBuildFile; fileRef = 2618113C26D881760083D8CD /* TranscriptView.swift */; };
		2618114526D881760083D8CD /* InformationView.swift in Sources */ = {isa = PBXBuildFile; fileRef = 2618113D26D881760083D8CD /* InformationView.swift */; };
		2618114726D886270083D8CD /* GetCategoriesWorker.swift in Sources */ = {isa = PBXBuildFile; fileRef = 2618114626D886270083D8CD /* GetCategoriesWorker.swift */; };
		2618114926D88BC70083D8CD /* GetAllBooksWorker.swift in Sources */ = {isa = PBXBuildFile; fileRef = 2618114826D88BC70083D8CD /* GetAllBooksWorker.swift */; };
		2618114B26D88BE00083D8CD /* Book.swift in Sources */ = {isa = PBXBuildFile; fileRef = 2618114A26D88BE00083D8CD /* Book.swift */; };
		2618114F26D88E0A0083D8CD /* books.json in Resources */ = {isa = PBXBuildFile; fileRef = 2618114E26D88E0A0083D8CD /* books.json */; };
		2618115126D898E00083D8CD /* BooksInteraction.swift in Sources */ = {isa = PBXBuildFile; fileRef = 2618115026D898E00083D8CD /* BooksInteraction.swift */; };
		2618115526D8E2000083D8CD /* Dataset.swift in Sources */ = {isa = PBXBuildFile; fileRef = 2618115426D8E2000083D8CD /* Dataset.swift */; };
		2618115726D8E5090083D8CD /* BookDetail.swift in Sources */ = {isa = PBXBuildFile; fileRef = 2618115626D8E5090083D8CD /* BookDetail.swift */; };
		2618116326D8F26A0083D8CD /* Problem.swift in Sources */ = {isa = PBXBuildFile; fileRef = 2618116226D8F26A0083D8CD /* Problem.swift */; };
		2618116926D973340083D8CD /* ChapterDetail.swift in Sources */ = {isa = PBXBuildFile; fileRef = 2618116826D973340083D8CD /* ChapterDetail.swift */; };
		2618117526D97E4F0083D8CD /* ProblemDetail.swift in Sources */ = {isa = PBXBuildFile; fileRef = 2618117426D97E4F0083D8CD /* ProblemDetail.swift */; };
		2618117726D982E60083D8CD /* ProblemDetailInteraction.swift in Sources */ = {isa = PBXBuildFile; fileRef = 2618117626D982E60083D8CD /* ProblemDetailInteraction.swift */; };
		2618117926D9830C0083D8CD /* GetProblemDetailWorker.swift in Sources */ = {isa = PBXBuildFile; fileRef = 2618117826D9830C0083D8CD /* GetProblemDetailWorker.swift */; };
		26D911BF26DC21F900692361 /* SubjectController.swift in Sources */ = {isa = PBXBuildFile; fileRef = 2600B76A26D7298600593502 /* SubjectController.swift */; };
		26D911C026DC21F900692361 /* BookCell.swift in Sources */ = {isa = PBXBuildFile; fileRef = 2600B77726D7723600593502 /* BookCell.swift */; };
		26D911C126DC227B00692361 /* BookDetailController.swift in Sources */ = {isa = PBXBuildFile; fileRef = 2600B76E26D74AFB00593502 /* BookDetailController.swift */; };
		26D911C226DC227B00692361 /* BookDetailInteraction.swift in Sources */ = {isa = PBXBuildFile; fileRef = 2618115826D8E7A30083D8CD /* BookDetailInteraction.swift */; };
		26D911C326DC227B00692361 /* ChapterCell.swift in Sources */ = {isa = PBXBuildFile; fileRef = 2600B77126D7719C00593502 /* ChapterCell.swift */; };
		26D911C426DC227B00692361 /* GetBookDetailWorker.swift in Sources */ = {isa = PBXBuildFile; fileRef = 2618115A26D8E7E50083D8CD /* GetBookDetailWorker.swift */; };
		26D911C526DC22B700692361 /* GetChapterDetailWorker.swift in Sources */ = {isa = PBXBuildFile; fileRef = 2618116626D972EB0083D8CD /* GetChapterDetailWorker.swift */; };
		26D911C626DC22B700692361 /* ChapterDetailInteraction.swift in Sources */ = {isa = PBXBuildFile; fileRef = 2618116426D972C80083D8CD /* ChapterDetailInteraction.swift */; };
		26D911C726DC22B700692361 /* ChapterDetailController.swift in Sources */ = {isa = PBXBuildFile; fileRef = 2600B77B26D776F200593502 /* ChapterDetailController.swift */; };
		26D911C926DC284D00692361 /* Routers.swift in Sources */ = {isa = PBXBuildFile; fileRef = 26D911C826DC284D00692361 /* Routers.swift */; };
		26D911CF26DD1DF800692361 /* AskController.swift in Sources */ = {isa = PBXBuildFile; fileRef = 26D911CE26DD1DF800692361 /* AskController.swift */; };
/* End PBXBuildFile section */

/* Begin PBXContainerItemProxy section */
		2600B72A26D7196400593502 /* PBXContainerItemProxy */ = {
			isa = PBXContainerItemProxy;
			containerPortal = 2600B70B26D7195000593502 /* Project object */;
			proxyType = 1;
			remoteGlobalIDString = 2600B71226D7195000593502;
			remoteInfo = Numerade;
		};
		2600B73526D7196400593502 /* PBXContainerItemProxy */ = {
			isa = PBXContainerItemProxy;
			containerPortal = 2600B70B26D7195000593502 /* Project object */;
			proxyType = 1;
			remoteGlobalIDString = 2600B71226D7195000593502;
			remoteInfo = Numerade;
		};
/* End PBXContainerItemProxy section */

/* Begin PBXFileReference section */
		2600B71326D7195000593502 /* Numerade.app */ = {isa = PBXFileReference; explicitFileType = wrapper.application; includeInIndex = 0; path = Numerade.app; sourceTree = BUILT_PRODUCTS_DIR; };
		2600B71626D7195000593502 /* AppDelegate.swift */ = {isa = PBXFileReference; lastKnownFileType = sourcecode.swift; path = AppDelegate.swift; sourceTree = "<group>"; };
		2600B71826D7195100593502 /* SceneDelegate.swift */ = {isa = PBXFileReference; lastKnownFileType = sourcecode.swift; path = SceneDelegate.swift; sourceTree = "<group>"; };
		2600B71F26D7196300593502 /* Assets.xcassets */ = {isa = PBXFileReference; lastKnownFileType = folder.assetcatalog; path = Assets.xcassets; sourceTree = "<group>"; };
		2600B72226D7196300593502 /* Base */ = {isa = PBXFileReference; lastKnownFileType = file.storyboard; name = Base; path = Base.lproj/LaunchScreen.storyboard; sourceTree = "<group>"; };
		2600B72426D7196300593502 /* Info.plist */ = {isa = PBXFileReference; lastKnownFileType = text.plist.xml; path = Info.plist; sourceTree = "<group>"; };
		2600B72926D7196300593502 /* NumeradeTests.xctest */ = {isa = PBXFileReference; explicitFileType = wrapper.cfbundle; includeInIndex = 0; path = NumeradeTests.xctest; sourceTree = BUILT_PRODUCTS_DIR; };
		2600B72D26D7196400593502 /* NumeradeTests.swift */ = {isa = PBXFileReference; lastKnownFileType = sourcecode.swift; path = NumeradeTests.swift; sourceTree = "<group>"; };
		2600B72F26D7196400593502 /* Info.plist */ = {isa = PBXFileReference; lastKnownFileType = text.plist.xml; path = Info.plist; sourceTree = "<group>"; };
		2600B73426D7196400593502 /* NumeradeUITests.xctest */ = {isa = PBXFileReference; explicitFileType = wrapper.cfbundle; includeInIndex = 0; path = NumeradeUITests.xctest; sourceTree = BUILT_PRODUCTS_DIR; };
		2600B73826D7196400593502 /* NumeradeUITests.swift */ = {isa = PBXFileReference; lastKnownFileType = sourcecode.swift; path = NumeradeUITests.swift; sourceTree = "<group>"; };
		2600B73A26D7196400593502 /* Info.plist */ = {isa = PBXFileReference; lastKnownFileType = text.plist.xml; path = Info.plist; sourceTree = "<group>"; };
		2600B74A26D71B3500593502 /* KNUIImageExtension.swift */ = {isa = PBXFileReference; fileEncoding = 4; lastKnownFileType = sourcecode.swift; path = KNUIImageExtension.swift; sourceTree = "<group>"; };
		2600B74B26D71B3500593502 /* KNGeneral.swift */ = {isa = PBXFileReference; fileEncoding = 4; lastKnownFileType = sourcecode.swift; path = KNGeneral.swift; sourceTree = "<group>"; };
		2600B74C26D71B3500593502 /* KNUIButtonExtension.swift */ = {isa = PBXFileReference; fileEncoding = 4; lastKnownFileType = sourcecode.swift; path = KNUIButtonExtension.swift; sourceTree = "<group>"; };
		2600B74D26D71B3500593502 /* KNCollectionExtension.swift */ = {isa = PBXFileReference; fileEncoding = 4; lastKnownFileType = sourcecode.swift; path = KNCollectionExtension.swift; sourceTree = "<group>"; };
		2600B74E26D71B3500593502 /* KNView+KNController.swift */ = {isa = PBXFileReference; fileEncoding = 4; lastKnownFileType = sourcecode.swift; path = "KNView+KNController.swift"; sourceTree = "<group>"; };
		2600B74F26D71B3500593502 /* Fonts+Colors.swift */ = {isa = PBXFileReference; fileEncoding = 4; lastKnownFileType = sourcecode.swift; path = "Fonts+Colors.swift"; sourceTree = "<group>"; };
		2600B75026D71B3500593502 /* KNControlConstruction.swift */ = {isa = PBXFileReference; fileEncoding = 4; lastKnownFileType = sourcecode.swift; path = KNControlConstruction.swift; sourceTree = "<group>"; };
		2600B75126D71B3500593502 /* KNConstraints.swift */ = {isa = PBXFileReference; fileEncoding = 4; lastKnownFileType = sourcecode.swift; path = KNConstraints.swift; sourceTree = "<group>"; };
		2600B75226D71B3500593502 /* KNDateExtension.swift */ = {isa = PBXFileReference; fileEncoding = 4; lastKnownFileType = sourcecode.swift; path = KNDateExtension.swift; sourceTree = "<group>"; };
		2600B75326D71B3500593502 /* KNTableExtension.swift */ = {isa = PBXFileReference; fileEncoding = 4; lastKnownFileType = sourcecode.swift; path = KNTableExtension.swift; sourceTree = "<group>"; };
		2600B75F26D71B6000593502 /* MainTabController.swift */ = {isa = PBXFileReference; fileEncoding = 4; lastKnownFileType = sourcecode.swift; path = MainTabController.swift; sourceTree = "<group>"; };
		2600B76126D71D2700593502 /* BooksController.swift */ = {isa = PBXFileReference; lastKnownFileType = sourcecode.swift; path = BooksController.swift; sourceTree = "<group>"; };
		2600B76A26D7298600593502 /* SubjectController.swift */ = {isa = PBXFileReference; lastKnownFileType = sourcecode.swift; path = SubjectController.swift; sourceTree = "<group>"; };
		2600B76C26D739F300593502 /* KNUITextFieldExtension.swift */ = {isa = PBXFileReference; fileEncoding = 4; lastKnownFileType = sourcecode.swift; path = KNUITextFieldExtension.swift; sourceTree = "<group>"; };
		2600B76E26D74AFB00593502 /* BookDetailController.swift */ = {isa = PBXFileReference; lastKnownFileType = sourcecode.swift; path = BookDetailController.swift; sourceTree = "<group>"; };
		2600B77126D7719C00593502 /* ChapterCell.swift */ = {isa = PBXFileReference; lastKnownFileType = sourcecode.swift; path = ChapterCell.swift; sourceTree = "<group>"; };
		2600B77426D771FD00593502 /* TopTabBarView.swift */ = {isa = PBXFileReference; lastKnownFileType = sourcecode.swift; path = TopTabBarView.swift; sourceTree = "<group>"; };
		2600B77726D7723600593502 /* BookCell.swift */ = {isa = PBXFileReference; lastKnownFileType = sourcecode.swift; path = BookCell.swift; sourceTree = "<group>"; };
		2600B77926D772A900593502 /* ViewFactory.swift */ = {isa = PBXFileReference; lastKnownFileType = sourcecode.swift; path = ViewFactory.swift; sourceTree = "<group>"; };
		2600B77B26D776F200593502 /* ChapterDetailController.swift */ = {isa = PBXFileReference; lastKnownFileType = sourcecode.swift; path = ChapterDetailController.swift; sourceTree = "<group>"; };
		2600B77D26D7798400593502 /* ProblemCell.swift */ = {isa = PBXFileReference; lastKnownFileType = sourcecode.swift; path = ProblemCell.swift; sourceTree = "<group>"; };
		2618113526D881760083D8CD /* ProblemDetailController.swift */ = {isa = PBXFileReference; fileEncoding = 4; lastKnownFileType = sourcecode.swift; path = ProblemDetailController.swift; sourceTree = "<group>"; };
		2618113626D881760083D8CD /* ProblemDetailUI.swift */ = {isa = PBXFileReference; fileEncoding = 4; lastKnownFileType = sourcecode.swift; path = ProblemDetailUI.swift; sourceTree = "<group>"; };
		2618113726D881760083D8CD /* ProblemExtraView.swift */ = {isa = PBXFileReference; fileEncoding = 4; lastKnownFileType = sourcecode.swift; path = ProblemExtraView.swift; sourceTree = "<group>"; };
		2618113926D881760083D8CD /* ProblemBottomView.swift */ = {isa = PBXFileReference; fileEncoding = 4; lastKnownFileType = sourcecode.swift; path = ProblemBottomView.swift; sourceTree = "<group>"; };
		2618113A26D881760083D8CD /* MoreAnswersView.swift */ = {isa = PBXFileReference; fileEncoding = 4; lastKnownFileType = sourcecode.swift; path = MoreAnswersView.swift; sourceTree = "<group>"; };
		2618113B26D881760083D8CD /* VideoView.swift */ = {isa = PBXFileReference; fileEncoding = 4; lastKnownFileType = sourcecode.swift; path = VideoView.swift; sourceTree = "<group>"; };
		2618113C26D881760083D8CD /* TranscriptView.swift */ = {isa = PBXFileReference; fileEncoding = 4; lastKnownFileType = sourcecode.swift; path = TranscriptView.swift; sourceTree = "<group>"; };
		2618113D26D881760083D8CD /* InformationView.swift */ = {isa = PBXFileReference; fileEncoding = 4; lastKnownFileType = sourcecode.swift; path = InformationView.swift; sourceTree = "<group>"; };
		2618114626D886270083D8CD /* GetCategoriesWorker.swift */ = {isa = PBXFileReference; lastKnownFileType = sourcecode.swift; path = GetCategoriesWorker.swift; sourceTree = "<group>"; };
		2618114826D88BC70083D8CD /* GetAllBooksWorker.swift */ = {isa = PBXFileReference; lastKnownFileType = sourcecode.swift; path = GetAllBooksWorker.swift; sourceTree = "<group>"; };
		2618114A26D88BE00083D8CD /* Book.swift */ = {isa = PBXFileReference; lastKnownFileType = sourcecode.swift; path = Book.swift; sourceTree = "<group>"; };
		2618114E26D88E0A0083D8CD /* books.json */ = {isa = PBXFileReference; fileEncoding = 4; lastKnownFileType = text.json; path = books.json; sourceTree = "<group>"; };
		2618115026D898E00083D8CD /* BooksInteraction.swift */ = {isa = PBXFileReference; lastKnownFileType = sourcecode.swift; path = BooksInteraction.swift; sourceTree = "<group>"; };
		2618115426D8E2000083D8CD /* Dataset.swift */ = {isa = PBXFileReference; lastKnownFileType = sourcecode.swift; path = Dataset.swift; sourceTree = "<group>"; };
		2618115626D8E5090083D8CD /* BookDetail.swift */ = {isa = PBXFileReference; lastKnownFileType = sourcecode.swift; path = BookDetail.swift; sourceTree = "<group>"; };
		2618115826D8E7A30083D8CD /* BookDetailInteraction.swift */ = {isa = PBXFileReference; lastKnownFileType = sourcecode.swift; path = BookDetailInteraction.swift; sourceTree = "<group>"; };
		2618115A26D8E7E50083D8CD /* GetBookDetailWorker.swift */ = {isa = PBXFileReference; lastKnownFileType = sourcecode.swift; path = GetBookDetailWorker.swift; sourceTree = "<group>"; };
		2618116226D8F26A0083D8CD /* Problem.swift */ = {isa = PBXFileReference; lastKnownFileType = sourcecode.swift; path = Problem.swift; sourceTree = "<group>"; };
		2618116426D972C80083D8CD /* ChapterDetailInteraction.swift */ = {isa = PBXFileReference; lastKnownFileType = sourcecode.swift; path = ChapterDetailInteraction.swift; sourceTree = "<group>"; };
		2618116626D972EB0083D8CD /* GetChapterDetailWorker.swift */ = {isa = PBXFileReference; lastKnownFileType = sourcecode.swift; path = GetChapterDetailWorker.swift; sourceTree = "<group>"; };
		2618116826D973340083D8CD /* ChapterDetail.swift */ = {isa = PBXFileReference; lastKnownFileType = sourcecode.swift; path = ChapterDetail.swift; sourceTree = "<group>"; };
		2618117426D97E4F0083D8CD /* ProblemDetail.swift */ = {isa = PBXFileReference; lastKnownFileType = sourcecode.swift; path = ProblemDetail.swift; sourceTree = "<group>"; };
		2618117626D982E60083D8CD /* ProblemDetailInteraction.swift */ = {isa = PBXFileReference; lastKnownFileType = sourcecode.swift; path = ProblemDetailInteraction.swift; sourceTree = "<group>"; };
		2618117826D9830C0083D8CD /* GetProblemDetailWorker.swift */ = {isa = PBXFileReference; lastKnownFileType = sourcecode.swift; path = GetProblemDetailWorker.swift; sourceTree = "<group>"; };
		26D911C826DC284D00692361 /* Routers.swift */ = {isa = PBXFileReference; lastKnownFileType = sourcecode.swift; path = Routers.swift; sourceTree = "<group>"; };
		26D911CE26DD1DF800692361 /* AskController.swift */ = {isa = PBXFileReference; lastKnownFileType = sourcecode.swift; path = AskController.swift; sourceTree = "<group>"; };
/* End PBXFileReference section */

/* Begin PBXFrameworksBuildPhase section */
		2600B71026D7195000593502 /* Frameworks */ = {
			isa = PBXFrameworksBuildPhase;
			buildActionMask = 2147483647;
			files = (
				2600B76626D721A100593502 /* Kingfisher in Frameworks */,
				2600B76926D7286700593502 /* SwipeMenuViewController in Frameworks */,
			);
			runOnlyForDeploymentPostprocessing = 0;
		};
		2600B72626D7196300593502 /* Frameworks */ = {
			isa = PBXFrameworksBuildPhase;
			buildActionMask = 2147483647;
			files = (
			);
			runOnlyForDeploymentPostprocessing = 0;
		};
		2600B73126D7196400593502 /* Frameworks */ = {
			isa = PBXFrameworksBuildPhase;
			buildActionMask = 2147483647;
			files = (
			);
			runOnlyForDeploymentPostprocessing = 0;
		};
/* End PBXFrameworksBuildPhase section */

/* Begin PBXGroup section */
		2600B70A26D7195000593502 = {
			isa = PBXGroup;
			children = (
				2600B71526D7195000593502 /* Numerade */,
				2600B72C26D7196400593502 /* NumeradeTests */,
				2600B73726D7196400593502 /* NumeradeUITests */,
				2600B71426D7195000593502 /* Products */,
			);
			sourceTree = "<group>";
		};
		2600B71426D7195000593502 /* Products */ = {
			isa = PBXGroup;
			children = (
				2600B71326D7195000593502 /* Numerade.app */,
				2600B72926D7196300593502 /* NumeradeTests.xctest */,
				2600B73426D7196400593502 /* NumeradeUITests.xctest */,
			);
			name = Products;
			sourceTree = "<group>";
		};
		2600B71526D7195000593502 /* Numerade */ = {
			isa = PBXGroup;
			children = (
				2618117D26DA31DE0083D8CD /* Common */,
				2600B74726D71A0400593502 /* Assets */,
				2600B74926D71B3500593502 /* BasicKit */,
				2600B74626D719F700593502 /* Configuration */,
				2600B75E26D71B5700593502 /* Features */,
				2618117C26DA20470083D8CD /* Models */,
				26D911C826DC284D00692361 /* Routers.swift */,
			);
			path = Numerade;
			sourceTree = "<group>";
		};
		2600B72C26D7196400593502 /* NumeradeTests */ = {
			isa = PBXGroup;
			children = (
				2600B72D26D7196400593502 /* NumeradeTests.swift */,
				2600B72F26D7196400593502 /* Info.plist */,
			);
			path = NumeradeTests;
			sourceTree = "<group>";
		};
		2600B73726D7196400593502 /* NumeradeUITests */ = {
			isa = PBXGroup;
			children = (
				2600B73826D7196400593502 /* NumeradeUITests.swift */,
				2600B73A26D7196400593502 /* Info.plist */,
			);
			path = NumeradeUITests;
			sourceTree = "<group>";
		};
		2600B74626D719F700593502 /* Configuration */ = {
			isa = PBXGroup;
			children = (
				2600B71626D7195000593502 /* AppDelegate.swift */,
				2600B71826D7195100593502 /* SceneDelegate.swift */,
				2600B72426D7196300593502 /* Info.plist */,
			);
			path = Configuration;
			sourceTree = "<group>";
		};
		2600B74726D71A0400593502 /* Assets */ = {
			isa = PBXGroup;
			children = (
				2618114D26D88DFB0083D8CD /* DummyData */,
				2600B71F26D7196300593502 /* Assets.xcassets */,
				2600B72126D7196300593502 /* LaunchScreen.storyboard */,
			);
			path = Assets;
			sourceTree = "<group>";
		};
		2600B74926D71B3500593502 /* BasicKit */ = {
			isa = PBXGroup;
			children = (
				2600B76C26D739F300593502 /* KNUITextFieldExtension.swift */,
				2600B74A26D71B3500593502 /* KNUIImageExtension.swift */,
				2600B74B26D71B3500593502 /* KNGeneral.swift */,
				2600B74C26D71B3500593502 /* KNUIButtonExtension.swift */,
				2600B74D26D71B3500593502 /* KNCollectionExtension.swift */,
				2600B74E26D71B3500593502 /* KNView+KNController.swift */,
				2600B74F26D71B3500593502 /* Fonts+Colors.swift */,
				2600B75026D71B3500593502 /* KNControlConstruction.swift */,
				2600B75126D71B3500593502 /* KNConstraints.swift */,
				2600B75226D71B3500593502 /* KNDateExtension.swift */,
				2600B75326D71B3500593502 /* KNTableExtension.swift */,
			);
			path = BasicKit;
			sourceTree = "<group>";
		};
		2600B75E26D71B5700593502 /* Features */ = {
			isa = PBXGroup;
			children = (
				2600B76326D71D2D00593502 /* Books */,
				2600B75F26D71B6000593502 /* MainTabController.swift */,
				26D911CE26DD1DF800692361 /* AskController.swift */,
			);
			path = Features;
			sourceTree = "<group>";
		};
		2600B76326D71D2D00593502 /* Books */ = {
			isa = PBXGroup;
			children = (
				2600B77026D7717700593502 /* BookDetail */,
				2600B77326D771CB00593502 /* BooksHome */,
				2600B78126D7A13000593502 /* ChapterDetail */,
				2618113426D881760083D8CD /* ProblemDetail */,
			);
			path = Books;
			sourceTree = "<group>";
		};
		2600B77026D7717700593502 /* BookDetail */ = {
			isa = PBXGroup;
			children = (
				2618115E26D8ED4B0083D8CD /* Controller+Logic */,
				2618115D26D8ED340083D8CD /* UI */,
				2618116F26D97A2D0083D8CD /* Workers */,
			);
			path = BookDetail;
			sourceTree = "<group>";
		};
		2600B77326D771CB00593502 /* BooksHome */ = {
			isa = PBXGroup;
			children = (
				2618115F26D8ED940083D8CD /* Controller+Logic */,
				2618116026D8EDA20083D8CD /* UI */,
				2618116E26D97A020083D8CD /* Workers */,
			);
			path = BooksHome;
			sourceTree = "<group>";
		};
		2600B78126D7A13000593502 /* ChapterDetail */ = {
			isa = PBXGroup;
			children = (
				2618116C26D979EB0083D8CD /* Controller+Logic */,
				2618116D26D979F10083D8CD /* Workers */,
			);
			path = ChapterDetail;
			sourceTree = "<group>";
		};
		2618113426D881760083D8CD /* ProblemDetail */ = {
			isa = PBXGroup;
			children = (
				2618117326D97A870083D8CD /* Controller+Logic */,
				2618113826D881760083D8CD /* UI */,
				2618117B26D98DBC0083D8CD /* Workers */,
			);
			path = ProblemDetail;
			sourceTree = "<group>";
		};
		2618113826D881760083D8CD /* UI */ = {
			isa = PBXGroup;
			children = (
				2618113D26D881760083D8CD /* InformationView.swift */,
				2618113A26D881760083D8CD /* MoreAnswersView.swift */,
				2618113926D881760083D8CD /* ProblemBottomView.swift */,
				2618113626D881760083D8CD /* ProblemDetailUI.swift */,
				2618113726D881760083D8CD /* ProblemExtraView.swift */,
				2618113C26D881760083D8CD /* TranscriptView.swift */,
				2618113B26D881760083D8CD /* VideoView.swift */,
			);
			path = UI;
			sourceTree = "<group>";
		};
		2618114D26D88DFB0083D8CD /* DummyData */ = {
			isa = PBXGroup;
			children = (
				2618114E26D88E0A0083D8CD /* books.json */,
				2618115426D8E2000083D8CD /* Dataset.swift */,
			);
			path = DummyData;
			sourceTree = "<group>";
		};
		2618115D26D8ED340083D8CD /* UI */ = {
			isa = PBXGroup;
			children = (
				2600B77126D7719C00593502 /* ChapterCell.swift */,
			);
			path = UI;
			sourceTree = "<group>";
		};
		2618115E26D8ED4B0083D8CD /* Controller+Logic */ = {
			isa = PBXGroup;
			children = (
				2600B76E26D74AFB00593502 /* BookDetailController.swift */,
				2618115826D8E7A30083D8CD /* BookDetailInteraction.swift */,
			);
			path = "Controller+Logic";
			sourceTree = "<group>";
		};
		2618115F26D8ED940083D8CD /* Controller+Logic */ = {
			isa = PBXGroup;
			children = (
				2600B76126D71D2700593502 /* BooksController.swift */,
				2618115026D898E00083D8CD /* BooksInteraction.swift */,
				2600B76A26D7298600593502 /* SubjectController.swift */,
			);
			path = "Controller+Logic";
			sourceTree = "<group>";
		};
		2618116026D8EDA20083D8CD /* UI */ = {
			isa = PBXGroup;
			children = (
				2600B77726D7723600593502 /* BookCell.swift */,
				2600B77426D771FD00593502 /* TopTabBarView.swift */,
			);
			path = UI;
			sourceTree = "<group>";
		};
		2618116C26D979EB0083D8CD /* Controller+Logic */ = {
			isa = PBXGroup;
			children = (
				2600B77B26D776F200593502 /* ChapterDetailController.swift */,
				2618116426D972C80083D8CD /* ChapterDetailInteraction.swift */,
			);
			path = "Controller+Logic";
			sourceTree = "<group>";
		};
		2618116D26D979F10083D8CD /* Workers */ = {
			isa = PBXGroup;
			children = (
				2618116626D972EB0083D8CD /* GetChapterDetailWorker.swift */,
			);
			path = Workers;
			sourceTree = "<group>";
		};
		2618116E26D97A020083D8CD /* Workers */ = {
			isa = PBXGroup;
			children = (
				2618114826D88BC70083D8CD /* GetAllBooksWorker.swift */,
				2618114626D886270083D8CD /* GetCategoriesWorker.swift */,
			);
			path = Workers;
			sourceTree = "<group>";
		};
		2618116F26D97A2D0083D8CD /* Workers */ = {
			isa = PBXGroup;
			children = (
				2618115A26D8E7E50083D8CD /* GetBookDetailWorker.swift */,
			);
			path = Workers;
			sourceTree = "<group>";
		};
		2618117326D97A870083D8CD /* Controller+Logic */ = {
			isa = PBXGroup;
			children = (
				2618113526D881760083D8CD /* ProblemDetailController.swift */,
				2618117626D982E60083D8CD /* ProblemDetailInteraction.swift */,
			);
			path = "Controller+Logic";
			sourceTree = "<group>";
		};
		2618117B26D98DBC0083D8CD /* Workers */ = {
			isa = PBXGroup;
			children = (
				2618117826D9830C0083D8CD /* GetProblemDetailWorker.swift */,
			);
			path = Workers;
			sourceTree = "<group>";
		};
		2618117C26DA20470083D8CD /* Models */ = {
			isa = PBXGroup;
			children = (
				2618114A26D88BE00083D8CD /* Book.swift */,
				2618115626D8E5090083D8CD /* BookDetail.swift */,
				2618116826D973340083D8CD /* ChapterDetail.swift */,
				2618116226D8F26A0083D8CD /* Problem.swift */,
				2618117426D97E4F0083D8CD /* ProblemDetail.swift */,
			);
			path = Models;
			sourceTree = "<group>";
		};
		2618117D26DA31DE0083D8CD /* Common */ = {
			isa = PBXGroup;
			children = (
				2600B77D26D7798400593502 /* ProblemCell.swift */,
				2600B77926D772A900593502 /* ViewFactory.swift */,
			);
			path = Common;
			sourceTree = "<group>";
		};
/* End PBXGroup section */

/* Begin PBXNativeTarget section */
		2600B71226D7195000593502 /* Numerade */ = {
			isa = PBXNativeTarget;
			buildConfigurationList = 2600B73D26D7196400593502 /* Build configuration list for PBXNativeTarget "Numerade" */;
			buildPhases = (
				2600B70F26D7195000593502 /* Sources */,
				2600B71026D7195000593502 /* Frameworks */,
				2600B71126D7195000593502 /* Resources */,
			);
			buildRules = (
			);
			dependencies = (
			);
			name = Numerade;
			packageProductDependencies = (
				2600B76526D721A100593502 /* Kingfisher */,
				2600B76826D7286700593502 /* SwipeMenuViewController */,
			);
			productName = Numerade;
			productReference = 2600B71326D7195000593502 /* Numerade.app */;
			productType = "com.apple.product-type.application";
		};
		2600B72826D7196300593502 /* NumeradeTests */ = {
			isa = PBXNativeTarget;
			buildConfigurationList = 2600B74026D7196400593502 /* Build configuration list for PBXNativeTarget "NumeradeTests" */;
			buildPhases = (
				2600B72526D7196300593502 /* Sources */,
				2600B72626D7196300593502 /* Frameworks */,
				2600B72726D7196300593502 /* Resources */,
			);
			buildRules = (
			);
			dependencies = (
				2600B72B26D7196400593502 /* PBXTargetDependency */,
			);
			name = NumeradeTests;
			productName = NumeradeTests;
			productReference = 2600B72926D7196300593502 /* NumeradeTests.xctest */;
			productType = "com.apple.product-type.bundle.unit-test";
		};
		2600B73326D7196400593502 /* NumeradeUITests */ = {
			isa = PBXNativeTarget;
			buildConfigurationList = 2600B74326D7196400593502 /* Build configuration list for PBXNativeTarget "NumeradeUITests" */;
			buildPhases = (
				2600B73026D7196400593502 /* Sources */,
				2600B73126D7196400593502 /* Frameworks */,
				2600B73226D7196400593502 /* Resources */,
			);
			buildRules = (
			);
			dependencies = (
				2600B73626D7196400593502 /* PBXTargetDependency */,
			);
			name = NumeradeUITests;
			productName = NumeradeUITests;
			productReference = 2600B73426D7196400593502 /* NumeradeUITests.xctest */;
			productType = "com.apple.product-type.bundle.ui-testing";
		};
/* End PBXNativeTarget section */

/* Begin PBXProject section */
		2600B70B26D7195000593502 /* Project object */ = {
			isa = PBXProject;
			attributes = {
				LastSwiftUpdateCheck = 1250;
				LastUpgradeCheck = 1250;
				TargetAttributes = {
					2600B71226D7195000593502 = {
						CreatedOnToolsVersion = 12.5;
					};
					2600B72826D7196300593502 = {
						CreatedOnToolsVersion = 12.5;
						TestTargetID = 2600B71226D7195000593502;
					};
					2600B73326D7196400593502 = {
						CreatedOnToolsVersion = 12.5;
						TestTargetID = 2600B71226D7195000593502;
					};
				};
			};
			buildConfigurationList = 2600B70E26D7195000593502 /* Build configuration list for PBXProject "Numerade" */;
			compatibilityVersion = "Xcode 9.3";
			developmentRegion = en;
			hasScannedForEncodings = 0;
			knownRegions = (
				en,
				Base,
			);
			mainGroup = 2600B70A26D7195000593502;
			packageReferences = (
				2600B76426D721A100593502 /* XCRemoteSwiftPackageReference "Kingfisher" */,
				2600B76726D7286700593502 /* XCRemoteSwiftPackageReference "SwipeMenuViewController" */,
			);
			productRefGroup = 2600B71426D7195000593502 /* Products */;
			projectDirPath = "";
			projectRoot = "";
			targets = (
				2600B71226D7195000593502 /* Numerade */,
				2600B72826D7196300593502 /* NumeradeTests */,
				2600B73326D7196400593502 /* NumeradeUITests */,
			);
		};
/* End PBXProject section */

/* Begin PBXResourcesBuildPhase section */
		2600B71126D7195000593502 /* Resources */ = {
			isa = PBXResourcesBuildPhase;
			buildActionMask = 2147483647;
			files = (
				2618114F26D88E0A0083D8CD /* books.json in Resources */,
				2600B72326D7196300593502 /* LaunchScreen.storyboard in Resources */,
				2600B72026D7196300593502 /* Assets.xcassets in Resources */,
			);
			runOnlyForDeploymentPostprocessing = 0;
		};
		2600B72726D7196300593502 /* Resources */ = {
			isa = PBXResourcesBuildPhase;
			buildActionMask = 2147483647;
			files = (
			);
			runOnlyForDeploymentPostprocessing = 0;
		};
		2600B73226D7196400593502 /* Resources */ = {
			isa = PBXResourcesBuildPhase;
			buildActionMask = 2147483647;
			files = (
			);
			runOnlyForDeploymentPostprocessing = 0;
		};
/* End PBXResourcesBuildPhase section */

/* Begin PBXSourcesBuildPhase section */
		2600B70F26D7195000593502 /* Sources */ = {
			isa = PBXSourcesBuildPhase;
			buildActionMask = 2147483647;
			files = (
				26D911C326DC227B00692361 /* ChapterCell.swift in Sources */,
				26D911CF26DD1DF800692361 /* AskController.swift in Sources */,
				26D911BF26DC21F900692361 /* SubjectController.swift in Sources */,
				2618114126D881760083D8CD /* ProblemBottomView.swift in Sources */,
				26D911C626DC22B700692361 /* ChapterDetailInteraction.swift in Sources */,
				2618114326D881760083D8CD /* VideoView.swift in Sources */,
				2618115726D8E5090083D8CD /* BookDetail.swift in Sources */,
				2600B75A26D71B3500593502 /* KNControlConstruction.swift in Sources */,
				2618115126D898E00083D8CD /* BooksInteraction.swift in Sources */,
				2600B71726D7195000593502 /* AppDelegate.swift in Sources */,
				2600B75526D71B3500593502 /* KNGeneral.swift in Sources */,
				2600B76D26D739F300593502 /* KNUITextFieldExtension.swift in Sources */,
				2618114426D881760083D8CD /* TranscriptView.swift in Sources */,
				2600B75B26D71B3500593502 /* KNConstraints.swift in Sources */,
				26D911C426DC227B00692361 /* GetBookDetailWorker.swift in Sources */,
				26D911C026DC21F900692361 /* BookCell.swift in Sources */,
				2600B75726D71B3500593502 /* KNCollectionExtension.swift in Sources */,
				26D911C726DC22B700692361 /* ChapterDetailController.swift in Sources */,
				2600B77526D771FD00593502 /* TopTabBarView.swift in Sources */,
				2600B75826D71B3500593502 /* KNView+KNController.swift in Sources */,
				2600B76026D71B6000593502 /* MainTabController.swift in Sources */,
				2618114B26D88BE00083D8CD /* Book.swift in Sources */,
				2600B75926D71B3500593502 /* Fonts+Colors.swift in Sources */,
				2600B75D26D71B3500593502 /* KNTableExtension.swift in Sources */,
				2600B75C26D71B3500593502 /* KNDateExtension.swift in Sources */,
				26D911C926DC284D00692361 /* Routers.swift in Sources */,
				26D911C226DC227B00692361 /* BookDetailInteraction.swift in Sources */,
				26D911C526DC22B700692361 /* GetChapterDetailWorker.swift in Sources */,
				2618114526D881760083D8CD /* InformationView.swift in Sources */,
				2618114726D886270083D8CD /* GetCategoriesWorker.swift in Sources */,
				2618113E26D881760083D8CD /* ProblemDetailController.swift in Sources */,
				2618114026D881760083D8CD /* ProblemExtraView.swift in Sources */,
				2618116926D973340083D8CD /* ChapterDetail.swift in Sources */,
				2600B77E26D7798400593502 /* ProblemCell.swift in Sources */,
				2600B75426D71B3500593502 /* KNUIImageExtension.swift in Sources */,
				2618114226D881760083D8CD /* MoreAnswersView.swift in Sources */,
				2600B75626D71B3500593502 /* KNUIButtonExtension.swift in Sources */,
				2600B76226D71D2700593502 /* BooksController.swift in Sources */,
				2618115526D8E2000083D8CD /* Dataset.swift in Sources */,
				2618116326D8F26A0083D8CD /* Problem.swift in Sources */,
				2618117926D9830C0083D8CD /* GetProblemDetailWorker.swift in Sources */,
				2618117726D982E60083D8CD /* ProblemDetailInteraction.swift in Sources */,
				2600B77A26D772A900593502 /* ViewFactory.swift in Sources */,
				2618113F26D881760083D8CD /* ProblemDetailUI.swift in Sources */,
				2600B71926D7195100593502 /* SceneDelegate.swift in Sources */,
				26D911C126DC227B00692361 /* BookDetailController.swift in Sources */,
				2618114926D88BC70083D8CD /* GetAllBooksWorker.swift in Sources */,
				2618117526D97E4F0083D8CD /* ProblemDetail.swift in Sources */,
			);
			runOnlyForDeploymentPostprocessing = 0;
		};
		2600B72526D7196300593502 /* Sources */ = {
			isa = PBXSourcesBuildPhase;
			buildActionMask = 2147483647;
			files = (
				2600B72E26D7196400593502 /* NumeradeTests.swift in Sources */,
			);
			runOnlyForDeploymentPostprocessing = 0;
		};
		2600B73026D7196400593502 /* Sources */ = {
			isa = PBXSourcesBuildPhase;
			buildActionMask = 2147483647;
			files = (
				2600B73926D7196400593502 /* NumeradeUITests.swift in Sources */,
			);
			runOnlyForDeploymentPostprocessing = 0;
		};
/* End PBXSourcesBuildPhase section */

/* Begin PBXTargetDependency section */
		2600B72B26D7196400593502 /* PBXTargetDependency */ = {
			isa = PBXTargetDependency;
			target = 2600B71226D7195000593502 /* Numerade */;
			targetProxy = 2600B72A26D7196400593502 /* PBXContainerItemProxy */;
		};
		2600B73626D7196400593502 /* PBXTargetDependency */ = {
			isa = PBXTargetDependency;
			target = 2600B71226D7195000593502 /* Numerade */;
			targetProxy = 2600B73526D7196400593502 /* PBXContainerItemProxy */;
		};
/* End PBXTargetDependency section */

/* Begin PBXVariantGroup section */
		2600B72126D7196300593502 /* LaunchScreen.storyboard */ = {
			isa = PBXVariantGroup;
			children = (
				2600B72226D7196300593502 /* Base */,
			);
			name = LaunchScreen.storyboard;
			sourceTree = "<group>";
		};
/* End PBXVariantGroup section */

/* Begin XCBuildConfiguration section */
		2600B73B26D7196400593502 /* Debug */ = {
			isa = XCBuildConfiguration;
			buildSettings = {
				ALWAYS_SEARCH_USER_PATHS = NO;
				CLANG_ANALYZER_NONNULL = YES;
				CLANG_ANALYZER_NUMBER_OBJECT_CONVERSION = YES_AGGRESSIVE;
				CLANG_CXX_LANGUAGE_STANDARD = "gnu++14";
				CLANG_CXX_LIBRARY = "libc++";
				CLANG_ENABLE_MODULES = YES;
				CLANG_ENABLE_OBJC_ARC = YES;
				CLANG_ENABLE_OBJC_WEAK = YES;
				CLANG_WARN_BLOCK_CAPTURE_AUTORELEASING = YES;
				CLANG_WARN_BOOL_CONVERSION = YES;
				CLANG_WARN_COMMA = YES;
				CLANG_WARN_CONSTANT_CONVERSION = YES;
				CLANG_WARN_DEPRECATED_OBJC_IMPLEMENTATIONS = YES;
				CLANG_WARN_DIRECT_OBJC_ISA_USAGE = YES_ERROR;
				CLANG_WARN_DOCUMENTATION_COMMENTS = YES;
				CLANG_WARN_EMPTY_BODY = YES;
				CLANG_WARN_ENUM_CONVERSION = YES;
				CLANG_WARN_INFINITE_RECURSION = YES;
				CLANG_WARN_INT_CONVERSION = YES;
				CLANG_WARN_NON_LITERAL_NULL_CONVERSION = YES;
				CLANG_WARN_OBJC_IMPLICIT_RETAIN_SELF = YES;
				CLANG_WARN_OBJC_LITERAL_CONVERSION = YES;
				CLANG_WARN_OBJC_ROOT_CLASS = YES_ERROR;
				CLANG_WARN_QUOTED_INCLUDE_IN_FRAMEWORK_HEADER = YES;
				CLANG_WARN_RANGE_LOOP_ANALYSIS = YES;
				CLANG_WARN_STRICT_PROTOTYPES = YES;
				CLANG_WARN_SUSPICIOUS_MOVE = YES;
				CLANG_WARN_UNGUARDED_AVAILABILITY = YES_AGGRESSIVE;
				CLANG_WARN_UNREACHABLE_CODE = YES;
				CLANG_WARN__DUPLICATE_METHOD_MATCH = YES;
				COPY_PHASE_STRIP = NO;
				DEBUG_INFORMATION_FORMAT = dwarf;
				ENABLE_STRICT_OBJC_MSGSEND = YES;
				ENABLE_TESTABILITY = YES;
				GCC_C_LANGUAGE_STANDARD = gnu11;
				GCC_DYNAMIC_NO_PIC = NO;
				GCC_NO_COMMON_BLOCKS = YES;
				GCC_OPTIMIZATION_LEVEL = 0;
				GCC_PREPROCESSOR_DEFINITIONS = (
					"DEBUG=1",
					"$(inherited)",
				);
				GCC_WARN_64_TO_32_BIT_CONVERSION = YES;
				GCC_WARN_ABOUT_RETURN_TYPE = YES_ERROR;
				GCC_WARN_UNDECLARED_SELECTOR = YES;
				GCC_WARN_UNINITIALIZED_AUTOS = YES_AGGRESSIVE;
				GCC_WARN_UNUSED_FUNCTION = YES;
				GCC_WARN_UNUSED_VARIABLE = YES;
				IPHONEOS_DEPLOYMENT_TARGET = 14.5;
				MTL_ENABLE_DEBUG_INFO = INCLUDE_SOURCE;
				MTL_FAST_MATH = YES;
				ONLY_ACTIVE_ARCH = YES;
				SDKROOT = iphoneos;
				SWIFT_ACTIVE_COMPILATION_CONDITIONS = DEBUG;
				SWIFT_OPTIMIZATION_LEVEL = "-Onone";
			};
			name = Debug;
		};
		2600B73C26D7196400593502 /* Release */ = {
			isa = XCBuildConfiguration;
			buildSettings = {
				ALWAYS_SEARCH_USER_PATHS = NO;
				CLANG_ANALYZER_NONNULL = YES;
				CLANG_ANALYZER_NUMBER_OBJECT_CONVERSION = YES_AGGRESSIVE;
				CLANG_CXX_LANGUAGE_STANDARD = "gnu++14";
				CLANG_CXX_LIBRARY = "libc++";
				CLANG_ENABLE_MODULES = YES;
				CLANG_ENABLE_OBJC_ARC = YES;
				CLANG_ENABLE_OBJC_WEAK = YES;
				CLANG_WARN_BLOCK_CAPTURE_AUTORELEASING = YES;
				CLANG_WARN_BOOL_CONVERSION = YES;
				CLANG_WARN_COMMA = YES;
				CLANG_WARN_CONSTANT_CONVERSION = YES;
				CLANG_WARN_DEPRECATED_OBJC_IMPLEMENTATIONS = YES;
				CLANG_WARN_DIRECT_OBJC_ISA_USAGE = YES_ERROR;
				CLANG_WARN_DOCUMENTATION_COMMENTS = YES;
				CLANG_WARN_EMPTY_BODY = YES;
				CLANG_WARN_ENUM_CONVERSION = YES;
				CLANG_WARN_INFINITE_RECURSION = YES;
				CLANG_WARN_INT_CONVERSION = YES;
				CLANG_WARN_NON_LITERAL_NULL_CONVERSION = YES;
				CLANG_WARN_OBJC_IMPLICIT_RETAIN_SELF = YES;
				CLANG_WARN_OBJC_LITERAL_CONVERSION = YES;
				CLANG_WARN_OBJC_ROOT_CLASS = YES_ERROR;
				CLANG_WARN_QUOTED_INCLUDE_IN_FRAMEWORK_HEADER = YES;
				CLANG_WARN_RANGE_LOOP_ANALYSIS = YES;
				CLANG_WARN_STRICT_PROTOTYPES = YES;
				CLANG_WARN_SUSPICIOUS_MOVE = YES;
				CLANG_WARN_UNGUARDED_AVAILABILITY = YES_AGGRESSIVE;
				CLANG_WARN_UNREACHABLE_CODE = YES;
				CLANG_WARN__DUPLICATE_METHOD_MATCH = YES;
				COPY_PHASE_STRIP = NO;
				DEBUG_INFORMATION_FORMAT = "dwarf-with-dsym";
				ENABLE_NS_ASSERTIONS = NO;
				ENABLE_STRICT_OBJC_MSGSEND = YES;
				GCC_C_LANGUAGE_STANDARD = gnu11;
				GCC_NO_COMMON_BLOCKS = YES;
				GCC_WARN_64_TO_32_BIT_CONVERSION = YES;
				GCC_WARN_ABOUT_RETURN_TYPE = YES_ERROR;
				GCC_WARN_UNDECLARED_SELECTOR = YES;
				GCC_WARN_UNINITIALIZED_AUTOS = YES_AGGRESSIVE;
				GCC_WARN_UNUSED_FUNCTION = YES;
				GCC_WARN_UNUSED_VARIABLE = YES;
				IPHONEOS_DEPLOYMENT_TARGET = 14.5;
				MTL_ENABLE_DEBUG_INFO = NO;
				MTL_FAST_MATH = YES;
				SDKROOT = iphoneos;
				SWIFT_COMPILATION_MODE = wholemodule;
				SWIFT_OPTIMIZATION_LEVEL = "-O";
				VALIDATE_PRODUCT = YES;
			};
			name = Release;
		};
		2600B73E26D7196400593502 /* Debug */ = {
			isa = XCBuildConfiguration;
			buildSettings = {
				ASSETCATALOG_COMPILER_APPICON_NAME = AppIcon;
				ASSETCATALOG_COMPILER_GLOBAL_ACCENT_COLOR_NAME = AccentColor;
				CODE_SIGN_STYLE = Automatic;
				DEVELOPMENT_TEAM = YM62LBZ4XN;
				INFOPLIST_FILE = Numerade/Configuration/Info.plist;
				LD_RUNPATH_SEARCH_PATHS = (
					"$(inherited)",
					"@executable_path/Frameworks",
				);
				PRODUCT_BUNDLE_IDENTIFIER = dev.kynguyen.numerade;
				PRODUCT_NAME = "$(TARGET_NAME)";
				SWIFT_VERSION = 5.0;
				TARGETED_DEVICE_FAMILY = "1,2";
			};
			name = Debug;
		};
		2600B73F26D7196400593502 /* Release */ = {
			isa = XCBuildConfiguration;
			buildSettings = {
				ASSETCATALOG_COMPILER_APPICON_NAME = AppIcon;
				ASSETCATALOG_COMPILER_GLOBAL_ACCENT_COLOR_NAME = AccentColor;
				CODE_SIGN_STYLE = Automatic;
				DEVELOPMENT_TEAM = YM62LBZ4XN;
				INFOPLIST_FILE = Numerade/Configuration/Info.plist;
				LD_RUNPATH_SEARCH_PATHS = (
					"$(inherited)",
					"@executable_path/Frameworks",
				);
				PRODUCT_BUNDLE_IDENTIFIER = dev.kynguyen.numerade;
				PRODUCT_NAME = "$(TARGET_NAME)";
				SWIFT_VERSION = 5.0;
				TARGETED_DEVICE_FAMILY = "1,2";
			};
			name = Release;
		};
		2600B74126D7196400593502 /* Debug */ = {
			isa = XCBuildConfiguration;
			buildSettings = {
				ALWAYS_EMBED_SWIFT_STANDARD_LIBRARIES = YES;
				BUNDLE_LOADER = "$(TEST_HOST)";
				CODE_SIGN_STYLE = Automatic;
				DEVELOPMENT_TEAM = YM62LBZ4XN;
				INFOPLIST_FILE = NumeradeTests/Info.plist;
				IPHONEOS_DEPLOYMENT_TARGET = 14.5;
				LD_RUNPATH_SEARCH_PATHS = (
					"$(inherited)",
					"@executable_path/Frameworks",
					"@loader_path/Frameworks",
				);
				PRODUCT_BUNDLE_IDENTIFIER = dev.kynguyen.NumeradeTests;
				PRODUCT_NAME = "$(TARGET_NAME)";
				SWIFT_VERSION = 5.0;
				TARGETED_DEVICE_FAMILY = "1,2";
				TEST_HOST = "$(BUILT_PRODUCTS_DIR)/Numerade.app/Numerade";
			};
			name = Debug;
		};
		2600B74226D7196400593502 /* Release */ = {
			isa = XCBuildConfiguration;
			buildSettings = {
				ALWAYS_EMBED_SWIFT_STANDARD_LIBRARIES = YES;
				BUNDLE_LOADER = "$(TEST_HOST)";
				CODE_SIGN_STYLE = Automatic;
				DEVELOPMENT_TEAM = YM62LBZ4XN;
				INFOPLIST_FILE = NumeradeTests/Info.plist;
				IPHONEOS_DEPLOYMENT_TARGET = 14.5;
				LD_RUNPATH_SEARCH_PATHS = (
					"$(inherited)",
					"@executable_path/Frameworks",
					"@loader_path/Frameworks",
				);
				PRODUCT_BUNDLE_IDENTIFIER = dev.kynguyen.NumeradeTests;
				PRODUCT_NAME = "$(TARGET_NAME)";
				SWIFT_VERSION = 5.0;
				TARGETED_DEVICE_FAMILY = "1,2";
				TEST_HOST = "$(BUILT_PRODUCTS_DIR)/Numerade.app/Numerade";
			};
			name = Release;
		};
		2600B74426D7196400593502 /* Debug */ = {
			isa = XCBuildConfiguration;
			buildSettings = {
				ALWAYS_EMBED_SWIFT_STANDARD_LIBRARIES = YES;
				CODE_SIGN_STYLE = Automatic;
				DEVELOPMENT_TEAM = YM62LBZ4XN;
				INFOPLIST_FILE = NumeradeUITests/Info.plist;
				LD_RUNPATH_SEARCH_PATHS = (
					"$(inherited)",
					"@executable_path/Frameworks",
					"@loader_path/Frameworks",
				);
				PRODUCT_BUNDLE_IDENTIFIER = dev.kynguyen.NumeradeUITests;
				PRODUCT_NAME = "$(TARGET_NAME)";
				SWIFT_VERSION = 5.0;
				TARGETED_DEVICE_FAMILY = "1,2";
				TEST_TARGET_NAME = Numerade;
			};
			name = Debug;
		};
		2600B74526D7196400593502 /* Release */ = {
			isa = XCBuildConfiguration;
			buildSettings = {
				ALWAYS_EMBED_SWIFT_STANDARD_LIBRARIES = YES;
				CODE_SIGN_STYLE = Automatic;
				DEVELOPMENT_TEAM = YM62LBZ4XN;
				INFOPLIST_FILE = NumeradeUITests/Info.plist;
				LD_RUNPATH_SEARCH_PATHS = (
					"$(inherited)",
					"@executable_path/Frameworks",
					"@loader_path/Frameworks",
				);
				PRODUCT_BUNDLE_IDENTIFIER = dev.kynguyen.NumeradeUITests;
				PRODUCT_NAME = "$(TARGET_NAME)";
				SWIFT_VERSION = 5.0;
				TARGETED_DEVICE_FAMILY = "1,2";
				TEST_TARGET_NAME = Numerade;
			};
			name = Release;
		};
/* End XCBuildConfiguration section */

/* Begin XCConfigurationList section */
		2600B70E26D7195000593502 /* Build configuration list for PBXProject "Numerade" */ = {
			isa = XCConfigurationList;
			buildConfigurations = (
				2600B73B26D7196400593502 /* Debug */,
				2600B73C26D7196400593502 /* Release */,
			);
			defaultConfigurationIsVisible = 0;
			defaultConfigurationName = Release;
		};
		2600B73D26D7196400593502 /* Build configuration list for PBXNativeTarget "Numerade" */ = {
			isa = XCConfigurationList;
			buildConfigurations = (
				2600B73E26D7196400593502 /* Debug */,
				2600B73F26D7196400593502 /* Release */,
			);
			defaultConfigurationIsVisible = 0;
			defaultConfigurationName = Release;
		};
		2600B74026D7196400593502 /* Build configuration list for PBXNativeTarget "NumeradeTests" */ = {
			isa = XCConfigurationList;
			buildConfigurations = (
				2600B74126D7196400593502 /* Debug */,
				2600B74226D7196400593502 /* Release */,
			);
			defaultConfigurationIsVisible = 0;
			defaultConfigurationName = Release;
		};
		2600B74326D7196400593502 /* Build configuration list for PBXNativeTarget "NumeradeUITests" */ = {
			isa = XCConfigurationList;
			buildConfigurations = (
				2600B74426D7196400593502 /* Debug */,
				2600B74526D7196400593502 /* Release */,
			);
			defaultConfigurationIsVisible = 0;
			defaultConfigurationName = Release;
		};
/* End XCConfigurationList section */

/* Begin XCRemoteSwiftPackageReference section */
		2600B76426D721A100593502 /* XCRemoteSwiftPackageReference "Kingfisher" */ = {
			isa = XCRemoteSwiftPackageReference;
			repositoryURL = "https://github.com/onevcat/Kingfisher";
			requirement = {
				kind = upToNextMajorVersion;
				minimumVersion = 6.3.1;
			};
		};
		2600B76726D7286700593502 /* XCRemoteSwiftPackageReference "SwipeMenuViewController" */ = {
			isa = XCRemoteSwiftPackageReference;
			repositoryURL = "https://github.com/yysskk/SwipeMenuViewController";
			requirement = {
				kind = upToNextMajorVersion;
				minimumVersion = 4.1.0;
			};
		};
/* End XCRemoteSwiftPackageReference section */

/* Begin XCSwiftPackageProductDependency section */
		2600B76526D721A100593502 /* Kingfisher */ = {
			isa = XCSwiftPackageProductDependency;
			package = 2600B76426D721A100593502 /* XCRemoteSwiftPackageReference "Kingfisher" */;
			productName = Kingfisher;
		};
		2600B76826D7286700593502 /* SwipeMenuViewController */ = {
			isa = XCSwiftPackageProductDependency;
			package = 2600B76726D7286700593502 /* XCRemoteSwiftPackageReference "SwipeMenuViewController" */;
			productName = SwipeMenuViewController;
		};
/* End XCSwiftPackageProductDependency section */
	};
	rootObject = 2600B70B26D7195000593502 /* Project object */;
}
